{
  "version": 4,
  "terraform_version": "1.5.1",
  "serial": 281,
  "lineage": "835910e1-7167-3683-5ef0-e280f4750df6",
  "outputs": {},
  "resources": [
    {
      "module": "module.google_kubernetes_cluster",
      "mode": "managed",
      "type": "google_container_cluster",
      "name": "app_cluster",
      "provider": "provider[\"registry.terraform.io/hashicorp/google\"]",
      "instances": [
        {
          "schema_version": 1,
          "attributes": {
            "addons_config": [
              {
                "cloudrun_config": [],
                "horizontal_pod_autoscaling": [],
                "http_load_balancing": [],
                "network_policy_config": [
                  {
                    "disabled": false
                  }
                ]
              }
            ],
            "authenticator_groups_config": [],
            "cluster_autoscaling": [
              {
                "auto_provisioning_defaults": [],
                "enabled": false,
                "resource_limits": []
              }
            ],
            "cluster_ipv4_cidr": "10.101.0.0/16",
            "database_encryption": [
              {
                "key_name": "",
                "state": "DECRYPTED"
              }
            ],
            "default_max_pods_per_node": 110,
            "description": "",
            "enable_binary_authorization": false,
            "enable_intranode_visibility": null,
            "enable_kubernetes_alpha": false,
            "enable_legacy_abac": false,
            "enable_shielded_nodes": false,
            "enable_tpu": null,
            "endpoint": "34.78.51.193",
            "id": "projects/bailleul-charles/locations/europe-west1/clusters/app-cluster",
            "initial_node_count": 3,
            "instance_group_urls": [],
            "ip_allocation_policy": [
              {
                "cluster_ipv4_cidr_block": "10.101.0.0/16",
                "cluster_secondary_range_name": "gke-app-cluster-pods-dcd89b1a",
                "services_ipv4_cidr_block": "10.102.0.0/16",
                "services_secondary_range_name": "gke-app-cluster-services-dcd89b1a"
              }
            ],
            "label_fingerprint": "a9dc16a7",
            "location": "europe-west1",
            "logging_service": "logging.googleapis.com/kubernetes",
            "maintenance_policy": [
              {
                "daily_maintenance_window": [
                  {
                    "duration": "PT4H0M0S",
                    "start_time": "02:00"
                  }
                ],
                "maintenance_exclusion": [],
                "recurring_window": []
              }
            ],
            "master_auth": [
              {
                "client_certificate": "",
                "client_certificate_config": [
                  {
                    "issue_client_certificate": false
                  }
                ],
                "client_key": "",
                "cluster_ca_certificate": "LS0tLS1CRUdJTiBDRVJUSUZJQ0FURS0tLS0tCk1JSUVMRENDQXBTZ0F3SUJBZ0lRYitTcFNlT05BZllqYk1pMDNmbWR4akFOQmdrcWhraUc5dzBCQVFzRkFEQXYKTVMwd0t3WURWUVFERXlSaE5UaGlaak5tTVMxaU9HTXpMVFF4TnpndE9UazFOUzFpTVRFek5UQXpZbUZsTldRdwpJQmNOTWpNd056RXlNRGN6TnpVeFdoZ1BNakExTXpBM01EUXdPRE0zTlRGYU1DOHhMVEFyQmdOVkJBTVRKR0UxCk9HSm1NMll4TFdJNFl6TXROREUzT0MwNU9UVTFMV0l4TVRNMU1ETmlZV1UxWkRDQ0FhSXdEUVlKS29aSWh2Y04KQVFFQkJRQURnZ0dQQURDQ0FZb0NnZ0dCQU4xUFhXL2JkdEFmZTY1S25mZHFINnBGRGoveWRONWdUL1QvWTJ5Rwo0SU5veVVNV3FHaVNvRkF2RFJ1RmRkRTR5VDZRbVpVNFRERmZSazR5aHEwSVh4NWFQODBUbm1EQnZBUDJ4cWVwClRTcVV1YS9HQ3N1SDh6MTNYamx0ZUphN3R6aklwSkM4SGptN3I4WFJROHNrcDFJUzQ5VlBoYUxGNVBxSU03NVgKblR3am9vK01OR2ZCZzRjMkx3MzcvSGhpaUk0bmtoOTVLejhjOFpJMXdUTk9abFNMU3RKYy9WNUYxNTh3TiszcAp5M2VIUGxQcGF6c2J0ZWh3ajNDZ1BvVURwQ2hzcEdROWtNWXZUOE9iM3lZcWUyQ0ViVG5jT3hkaVBjMXlBb3V2ClRLUE1UMUhoY0k3NUxLekVDYW9FOGFXdmJ2UVJLVWdwQVdrTUlOSUY1NC9KTk52ZG83eGxEcDRKNGpmT2t6NnAKamNWYWdlbXRLVVFndFdqZjE3Yzh4TFV2MkRCMDJ1OG9OTHk0TUhqRlM1ZkJQYmM2SVUvYWNEQVQrOUpYYklGRwpXWGZMWVRmRU5aakFJUVZiRTZ5dTZ1eldhOXV4QXUwejNucWRGdmJHUmF2aEUxUTU3ZjdnbHVKVklxcGdidk5TCnd3N1ZWV09YTi9tdTNTdEljU2h5N2NLcll3SURBUUFCbzBJd1FEQU9CZ05WSFE4QkFmOEVCQU1DQWdRd0R3WUQKVlIwVEFRSC9CQVV3QXdFQi96QWRCZ05WSFE0RUZnUVVJWGdwYk52Z3ZlenFUWEpod25hWXpYQWNaRGN3RFFZSgpLb1pJaHZjTkFRRUxCUUFEZ2dHQkFOb2cyYWJOWVZWek11cythV0ZDNDZvSEp0djU1QlZKZ2RyYk9FSm5rc3BaClNFN0JXTHo5TitBeEl4cmxpT2I1NEJhN1lqSGpsV3R6eXpzNURpaXV5QVhuWkZraks4NWZWdllBRXQxNC8wQzgKVkFrSlRIQ1J6aHlVL0FHUWNoSGkzOVBmY3JqclJVdTIxc08wRTZJWDNsaXBnM1Q0MHJkZXZqOTR0OEZRTWtwKwpLdDdlb3ZDbWtjeGhQNis0VTNnTG80VlFQSlRwNEFFVjZWN1UyQXJ3SUJid0hOQ3pPamliZ0s2dWtidFpObW1zCnFEMFpxYkxXUVFiWEQvRmd3eWhNSG5SNmw1a2FsWHg5THJrVERDV2dObndjUU1pRkVYalU5UzZjQW9XNzE1UUYKdG83S1h6ZXkrWmU0RmpmMUI4OXF1aHRWQXdHSFJEOG43Zk01VUsyNzJLYzUwTkZTemlDYWZTaU1nTmRlZ0tvOQo5NWhZQ2hSUzBoazMzSXdCOGxuWEk2L2pwS1I4TkJ6cm0yaEx2Qmw0QTRkc1I3VXN5SVkwYno5K1ByUUUvaStKCjhCMzZpSGRhbml4N2lqZTlDMUtpdjRaWlphTEVnVjlVNEkwd0s0VFRrVkhJcFZRc095dzRKYnFCRmV3V0NPWC8KazU1Uy83KzN0dXk5L0xEVzZOdmhzUT09Ci0tLS0tRU5EIENFUlRJRklDQVRFLS0tLS0K",
                "password": "",
                "username": ""
              }
            ],
            "master_authorized_networks_config": [],
            "master_version": "1.25.8-gke.1000",
            "min_master_version": null,
            "monitoring_service": "monitoring.googleapis.com/kubernetes",
            "name": "app-cluster",
            "network": "projects/bailleul-charles/global/networks/kubernetes-cluster",
            "network_policy": [
              {
                "enabled": true,
                "provider": ""
              }
            ],
            "node_config": [],
            "node_locations": [
              "europe-west1-b",
              "europe-west1-c",
              "europe-west1-d"
            ],
            "node_pool": [],
            "node_version": "1.25.8-gke.1000",
            "operation": null,
            "pod_security_policy_config": [],
            "private_cluster_config": [
              {
                "enable_private_endpoint": false,
                "enable_private_nodes": false,
                "master_ipv4_cidr_block": "",
                "peering_name": "",
                "private_endpoint": "10.10.0.2",
                "public_endpoint": "34.78.51.193"
              }
            ],
            "project": "bailleul-charles",
            "release_channel": [
              {
                "channel": "STABLE"
              }
            ],
            "remove_default_node_pool": true,
            "resource_labels": null,
            "resource_usage_export_config": [],
            "self_link": "https://container.googleapis.com/v1beta1/projects/bailleul-charles/locations/europe-west1/clusters/app-cluster",
            "services_ipv4_cidr": "10.102.0.0/16",
            "subnetwork": "projects/bailleul-charles/regions/europe-west1/subnetworks/kubernetes-cluster--subnet",
            "timeouts": null,
            "vertical_pod_autoscaling": [],
            "workload_identity_config": [
              {
                "identity_namespace": "bailleul-charles.svc.id.goog"
              }
            ]
          },
          "sensitive_attributes": [],
          "private": "eyJlMmJmYjczMC1lY2FhLTExZTYtOGY4OC0zNDM2M2JjN2M0YzAiOnsiY3JlYXRlIjoyNDAwMDAwMDAwMDAwLCJkZWxldGUiOjI0MDAwMDAwMDAwMDAsInJlYWQiOjI0MDAwMDAwMDAwMDAsInVwZGF0ZSI6MzYwMDAwMDAwMDAwMH0sInNjaGVtYV92ZXJzaW9uIjoiMSJ9",
          "dependencies": [
            "module.google_networks.google_compute_network.vpc",
            "module.google_networks.google_compute_subnetwork.subnet"
          ]
        }
      ]
    },
    {
      "module": "module.google_kubernetes_cluster",
      "mode": "managed",
      "type": "google_container_node_pool",
      "name": "app_cluster_linux_node_pool",
      "provider": "provider[\"registry.terraform.io/hashicorp/google\"]",
      "instances": [
        {
          "schema_version": 1,
          "attributes": {
            "autoscaling": [
              {
                "max_node_count": 3,
                "min_node_count": 3
              }
            ],
            "cluster": "app-cluster",
            "id": "projects/bailleul-charles/locations/europe-west1/clusters/app-cluster/nodePools/app-cluster--linux-node-pool",
            "initial_node_count": 3,
            "instance_group_urls": [
              "https://www.googleapis.com/compute/v1/projects/bailleul-charles/zones/europe-west1-b/instanceGroupManagers/gke-app-cluster-app-cluster--linux-no-2da5ec6e-grp"
            ],
            "location": "europe-west1",
            "management": [
              {
                "auto_repair": true,
                "auto_upgrade": true
              }
            ],
            "max_pods_per_node": 100,
            "name": "app-cluster--linux-node-pool",
            "name_prefix": "",
            "node_config": [
              {
                "disk_size_gb": 10,
                "disk_type": "pd-balanced",
                "guest_accelerator": [],
                "image_type": "COS_CONTAINERD",
                "labels": {
                  "cluster": "app-cluster"
                },
                "local_ssd_count": 0,
                "machine_type": "e2-medium",
                "metadata": {
                  "disable-legacy-endpoints": "true",
                  "google-compute-enable-virtio-rng": "true"
                },
                "min_cpu_platform": "",
                "oauth_scopes": [
                  "https://www.googleapis.com/auth/devstorage.read_only",
                  "https://www.googleapis.com/auth/logging.write",
                  "https://www.googleapis.com/auth/monitoring",
                  "https://www.googleapis.com/auth/service.management.readonly",
                  "https://www.googleapis.com/auth/servicecontrol",
                  "https://www.googleapis.com/auth/trace.append"
                ],
                "preemptible": true,
                "service_account": "962265645512-compute@developer.gserviceaccount.com",
                "shielded_instance_config": [
                  {
                    "enable_integrity_monitoring": true,
                    "enable_secure_boot": true
                  }
                ],
                "tags": null,
                "taint": [],
                "workload_metadata_config": [
                  {
                    "node_metadata": "GKE_METADATA_SERVER"
                  }
                ]
              }
            ],
            "node_count": 3,
            "node_locations": [
              "europe-west1-b"
            ],
            "project": "bailleul-charles",
            "timeouts": null,
            "upgrade_settings": [
              {
                "max_surge": 1,
                "max_unavailable": 1
              }
            ],
            "version": "1.25.8-gke.1000"
          },
          "sensitive_attributes": [],
          "private": "eyJlMmJmYjczMC1lY2FhLTExZTYtOGY4OC0zNDM2M2JjN2M0YzAiOnsiY3JlYXRlIjoxODAwMDAwMDAwMDAwLCJkZWxldGUiOjE4MDAwMDAwMDAwMDAsInVwZGF0ZSI6MTgwMDAwMDAwMDAwMH0sInNjaGVtYV92ZXJzaW9uIjoiMSJ9",
          "dependencies": [
            "module.google_kubernetes_cluster.google_container_cluster.app_cluster",
            "module.google_networks.google_compute_network.vpc",
            "module.google_networks.google_compute_subnetwork.subnet"
          ]
        }
      ]
    },
    {
      "module": "module.google_networks",
      "mode": "managed",
      "type": "google_compute_network",
      "name": "vpc",
      "provider": "provider[\"registry.terraform.io/hashicorp/google\"]",
      "instances": [
        {
          "schema_version": 0,
          "attributes": {
            "auto_create_subnetworks": false,
            "delete_default_routes_on_create": true,
            "description": "",
            "gateway_ipv4": "",
            "id": "projects/bailleul-charles/global/networks/kubernetes-cluster",
            "mtu": 0,
            "name": "kubernetes-cluster",
            "project": "bailleul-charles",
            "routing_mode": "GLOBAL",
            "self_link": "https://www.googleapis.com/compute/v1/projects/bailleul-charles/global/networks/kubernetes-cluster",
            "timeouts": null
          },
          "sensitive_attributes": [],
          "private": "eyJlMmJmYjczMC1lY2FhLTExZTYtOGY4OC0zNDM2M2JjN2M0YzAiOnsiY3JlYXRlIjoyNDAwMDAwMDAwMDAsImRlbGV0ZSI6MjQwMDAwMDAwMDAwLCJ1cGRhdGUiOjI0MDAwMDAwMDAwMH19"
        }
      ]
    },
    {
      "module": "module.google_networks",
      "mode": "managed",
      "type": "google_compute_route",
      "name": "egress_internet",
      "provider": "provider[\"registry.terraform.io/hashicorp/google\"]",
      "instances": [
        {
          "schema_version": 0,
          "attributes": {
            "description": "",
            "dest_range": "0.0.0.0/0",
            "id": "projects/bailleul-charles/global/routes/egress-internet",
            "name": "egress-internet",
            "network": "https://www.googleapis.com/compute/v1/projects/bailleul-charles/global/networks/kubernetes-cluster",
            "next_hop_gateway": "https://www.googleapis.com/compute/v1/projects/bailleul-charles/global/gateways/default-internet-gateway",
            "next_hop_ilb": "",
            "next_hop_instance": "",
            "next_hop_instance_zone": null,
            "next_hop_ip": "",
            "next_hop_network": "",
            "next_hop_vpn_tunnel": "",
            "priority": 1000,
            "project": "bailleul-charles",
            "self_link": "https://www.googleapis.com/compute/v1/projects/bailleul-charles/global/routes/egress-internet",
            "tags": null,
            "timeouts": null
          },
          "sensitive_attributes": [],
          "private": "eyJlMmJmYjczMC1lY2FhLTExZTYtOGY4OC0zNDM2M2JjN2M0YzAiOnsiY3JlYXRlIjoyNDAwMDAwMDAwMDAsImRlbGV0ZSI6MjQwMDAwMDAwMDAwfX0=",
          "dependencies": [
            "module.google_networks.google_compute_network.vpc"
          ]
        }
      ]
    },
    {
      "module": "module.google_networks",
      "mode": "managed",
      "type": "google_compute_router",
      "name": "router",
      "provider": "provider[\"registry.terraform.io/hashicorp/google\"]",
      "instances": [
        {
          "schema_version": 0,
          "attributes": {
            "bgp": [],
            "creation_timestamp": "2023-07-12T01:37:51.279-07:00",
            "description": "",
            "id": "projects/bailleul-charles/regions/europe-west1/routers/kubernetes-cluster-router",
            "name": "kubernetes-cluster-router",
            "network": "https://www.googleapis.com/compute/v1/projects/bailleul-charles/global/networks/kubernetes-cluster",
            "project": "bailleul-charles",
            "region": "europe-west1",
            "self_link": "https://www.googleapis.com/compute/v1/projects/bailleul-charles/regions/europe-west1/routers/kubernetes-cluster-router",
            "timeouts": null
          },
          "sensitive_attributes": [],
          "private": "eyJlMmJmYjczMC1lY2FhLTExZTYtOGY4OC0zNDM2M2JjN2M0YzAiOnsiY3JlYXRlIjoyNDAwMDAwMDAwMDAsImRlbGV0ZSI6MjQwMDAwMDAwMDAwLCJ1cGRhdGUiOjI0MDAwMDAwMDAwMH19",
          "dependencies": [
            "module.google_networks.google_compute_network.vpc",
            "module.google_networks.google_compute_subnetwork.subnet"
          ]
        }
      ]
    },
    {
      "module": "module.google_networks",
      "mode": "managed",
      "type": "google_compute_router_nat",
      "name": "nat_router",
      "provider": "provider[\"registry.terraform.io/hashicorp/google\"]",
      "instances": [
        {
          "schema_version": 0,
          "attributes": {
            "drain_nat_ips": null,
            "icmp_idle_timeout_sec": 30,
            "id": "bailleul-charles/europe-west1/kubernetes-cluster-router/kubernetes-cluster--subnet-nat-router",
            "log_config": [
              {
                "enable": true,
                "filter": "ERRORS_ONLY"
              }
            ],
            "min_ports_per_vm": 0,
            "name": "kubernetes-cluster--subnet-nat-router",
            "nat_ip_allocate_option": "AUTO_ONLY",
            "nat_ips": null,
            "project": "bailleul-charles",
            "region": "europe-west1",
            "router": "kubernetes-cluster-router",
            "source_subnetwork_ip_ranges_to_nat": "LIST_OF_SUBNETWORKS",
            "subnetwork": [
              {
                "name": "kubernetes-cluster--subnet",
                "secondary_ip_range_names": [],
                "source_ip_ranges_to_nat": [
                  "ALL_IP_RANGES"
                ]
              }
            ],
            "tcp_established_idle_timeout_sec": 1200,
            "tcp_transitory_idle_timeout_sec": 30,
            "timeouts": null,
            "udp_idle_timeout_sec": 30
          },
          "sensitive_attributes": [],
          "private": "eyJlMmJmYjczMC1lY2FhLTExZTYtOGY4OC0zNDM2M2JjN2M0YzAiOnsiY3JlYXRlIjo2MDAwMDAwMDAwMDAsImRlbGV0ZSI6NjAwMDAwMDAwMDAwLCJ1cGRhdGUiOjYwMDAwMDAwMDAwMH19",
          "dependencies": [
            "module.google_networks.google_compute_network.vpc",
            "module.google_networks.google_compute_router.router",
            "module.google_networks.google_compute_subnetwork.subnet"
          ]
        }
      ]
    },
    {
      "module": "module.google_networks",
      "mode": "managed",
      "type": "google_compute_subnetwork",
      "name": "subnet",
      "provider": "provider[\"registry.terraform.io/hashicorp/google\"]",
      "instances": [
        {
          "schema_version": 0,
          "attributes": {
            "creation_timestamp": "2023-07-12T01:37:29.903-07:00",
            "description": "",
            "fingerprint": null,
            "gateway_address": "10.10.0.1",
            "id": "projects/bailleul-charles/regions/europe-west1/subnetworks/kubernetes-cluster--subnet",
            "ip_cidr_range": "10.10.0.0/16",
            "log_config": [],
            "name": "kubernetes-cluster--subnet",
            "network": "https://www.googleapis.com/compute/v1/projects/bailleul-charles/global/networks/kubernetes-cluster",
            "private_ip_google_access": true,
            "private_ipv6_google_access": "DISABLE_GOOGLE_ACCESS",
            "project": "bailleul-charles",
            "region": "europe-west1",
            "secondary_ip_range": [],
            "self_link": "https://www.googleapis.com/compute/v1/projects/bailleul-charles/regions/europe-west1/subnetworks/kubernetes-cluster--subnet",
            "timeouts": null
          },
          "sensitive_attributes": [],
          "private": "eyJlMmJmYjczMC1lY2FhLTExZTYtOGY4OC0zNDM2M2JjN2M0YzAiOnsiY3JlYXRlIjozNjAwMDAwMDAwMDAsImRlbGV0ZSI6MzYwMDAwMDAwMDAwLCJ1cGRhdGUiOjM2MDAwMDAwMDAwMH19",
          "dependencies": [
            "module.google_networks.google_compute_network.vpc"
          ]
        }
      ]
    }
  ],
  "check_results": null
}
