{
  "version": 4,
  "terraform_version": "1.5.1",
  "serial": 184,
  "lineage": "835910e1-7167-3683-5ef0-e280f4750df6",
  "outputs": {},
  "resources": [
    {
      "module": "module.bastion",
      "mode": "data",
      "type": "template_file",
      "name": "startup_script",
      "provider": "provider[\"registry.terraform.io/hashicorp/template\"]",
      "instances": [
        {
          "schema_version": 0,
          "attributes": {
            "filename": null,
            "id": "5342018eb1c9e1064c7484cc318ec9b657db7cf30d11973012b6b4bbdb6acad7",
            "rendered": "sudo apt-get update -y\nsudo apt-get install -y tinyproxy\n",
            "template": "sudo apt-get update -y\nsudo apt-get install -y tinyproxy\n",
            "vars": null
          },
          "sensitive_attributes": []
        }
      ]
    },
    {
      "module": "module.bastion",
      "mode": "managed",
      "type": "google_compute_firewall",
      "name": "bastion-ssh",
      "provider": "provider[\"registry.terraform.io/hashicorp/google\"]",
      "instances": [
        {
          "schema_version": 1,
          "attributes": {
            "allow": [
              {
                "ports": [
                  "22"
                ],
                "protocol": "tcp"
              }
            ],
            "creation_timestamp": "2023-07-11T02:05:52.439-07:00",
            "deny": [],
            "description": "",
            "destination_ranges": [],
            "direction": "INGRESS",
            "disabled": false,
            "enable_logging": null,
            "id": "projects/bailleul-charles/global/firewalls/app-cluster-bastion-ssh",
            "log_config": [],
            "name": "app-cluster-bastion-ssh",
            "network": "https://www.googleapis.com/compute/v1/projects/bailleul-charles/global/networks/kubernetes-cluster",
            "priority": 1000,
            "project": "bailleul-charles",
            "self_link": "https://www.googleapis.com/compute/v1/projects/bailleul-charles/global/firewalls/app-cluster-bastion-ssh",
            "source_ranges": [
              "0.0.0.0/0"
            ],
            "source_service_accounts": null,
            "source_tags": null,
            "target_service_accounts": null,
            "target_tags": [
              "bastion"
            ],
            "timeouts": null
          },
          "sensitive_attributes": [],
          "private": "eyJlMmJmYjczMC1lY2FhLTExZTYtOGY4OC0zNDM2M2JjN2M0YzAiOnsiY3JlYXRlIjoyNDAwMDAwMDAwMDAsImRlbGV0ZSI6MjQwMDAwMDAwMDAwLCJ1cGRhdGUiOjI0MDAwMDAwMDAwMH0sInNjaGVtYV92ZXJzaW9uIjoiMSJ9",
          "dependencies": [
            "module.google_networks.google_compute_network.vpc"
          ]
        }
      ]
    },
    {
      "module": "module.bastion",
      "mode": "managed",
      "type": "google_compute_instance",
      "name": "bastion",
      "provider": "provider[\"registry.terraform.io/hashicorp/google\"]",
      "instances": [
        {
          "schema_version": 6,
          "attributes": {
            "allow_stopping_for_update": true,
            "attached_disk": [],
            "boot_disk": [
              {
                "auto_delete": true,
                "device_name": "persistent-disk-0",
                "disk_encryption_key_raw": "",
                "disk_encryption_key_sha256": "",
                "initialize_params": [
                  {
                    "image": "https://www.googleapis.com/compute/v1/projects/debian-cloud/global/images/debian-10-buster-v20230629",
                    "labels": {},
                    "size": 10,
                    "type": "pd-standard"
                  }
                ],
                "kms_key_self_link": "",
                "mode": "READ_WRITE",
                "source": "https://www.googleapis.com/compute/v1/projects/bailleul-charles/zones/europe-west1-b/disks/app-cluster-bastion"
              }
            ],
            "can_ip_forward": false,
            "cpu_platform": "Intel Broadwell",
            "current_status": "RUNNING",
            "deletion_protection": false,
            "description": "",
            "desired_status": null,
            "enable_display": false,
            "guest_accelerator": [],
            "hostname": "",
            "id": "projects/bailleul-charles/zones/europe-west1-b/instances/app-cluster-bastion",
            "instance_id": "6291969406331299176",
            "label_fingerprint": "42WmSpB8rSM=",
            "labels": null,
            "machine_type": "e2-micro",
            "metadata": null,
            "metadata_fingerprint": "lnzk5-2GNZI=",
            "metadata_startup_script": "sudo apt-get update -y\nsudo apt-get install -y tinyproxy\n",
            "min_cpu_platform": "",
            "name": "app-cluster-bastion",
            "network_interface": [
              {
                "access_config": [
                  {
                    "nat_ip": "35.210.184.48",
                    "network_tier": "STANDARD",
                    "public_ptr_domain_name": ""
                  }
                ],
                "alias_ip_range": [],
                "name": "nic0",
                "network": "https://www.googleapis.com/compute/v1/projects/bailleul-charles/global/networks/kubernetes-cluster",
                "network_ip": "10.10.0.2",
                "subnetwork": "https://www.googleapis.com/compute/v1/projects/bailleul-charles/regions/europe-west1/subnetworks/kubernetes-cluster--subnet",
                "subnetwork_project": "bailleul-charles"
              }
            ],
            "project": "bailleul-charles",
            "resource_policies": null,
            "scheduling": [
              {
                "automatic_restart": false,
                "node_affinities": [],
                "on_host_maintenance": "TERMINATE",
                "preemptible": true
              }
            ],
            "scratch_disk": [],
            "self_link": "https://www.googleapis.com/compute/v1/projects/bailleul-charles/zones/europe-west1-b/instances/app-cluster-bastion",
            "service_account": [
              {
                "email": "app-cluster-bastion-sa@bailleul-charles.iam.gserviceaccount.com",
                "scopes": [
                  "https://www.googleapis.com/auth/cloud-platform"
                ]
              }
            ],
            "shielded_instance_config": [
              {
                "enable_integrity_monitoring": true,
                "enable_secure_boot": true,
                "enable_vtpm": true
              }
            ],
            "tags": [
              "bastion"
            ],
            "tags_fingerprint": "NfTTNVh6sLU=",
            "timeouts": null,
            "zone": "europe-west1-b"
          },
          "sensitive_attributes": [],
          "private": "eyJlMmJmYjczMC1lY2FhLTExZTYtOGY4OC0zNDM2M2JjN2M0YzAiOnsiY3JlYXRlIjoxMjAwMDAwMDAwMDAwLCJkZWxldGUiOjEyMDAwMDAwMDAwMDAsInVwZGF0ZSI6MTIwMDAwMDAwMDAwMH0sInNjaGVtYV92ZXJzaW9uIjoiNiJ9",
          "dependencies": [
            "module.bastion.data.template_file.startup_script",
            "module.bastion.google_service_account.bastion",
            "module.google_networks.google_compute_network.vpc",
            "module.google_networks.google_compute_subnetwork.subnet"
          ]
        }
      ]
    },
    {
      "module": "module.bastion",
      "mode": "managed",
      "type": "google_service_account",
      "name": "bastion",
      "provider": "provider[\"registry.terraform.io/hashicorp/google\"]",
      "instances": [
        {
          "schema_version": 0,
          "attributes": {
            "account_id": "app-cluster-bastion-sa",
            "description": "",
            "display_name": "GKE Bastion Service Account",
            "email": "app-cluster-bastion-sa@bailleul-charles.iam.gserviceaccount.com",
            "id": "projects/bailleul-charles/serviceAccounts/app-cluster-bastion-sa@bailleul-charles.iam.gserviceaccount.com",
            "name": "projects/bailleul-charles/serviceAccounts/app-cluster-bastion-sa@bailleul-charles.iam.gserviceaccount.com",
            "project": "bailleul-charles",
            "timeouts": null,
            "unique_id": "111855852901142563200"
          },
          "sensitive_attributes": [],
          "private": "eyJlMmJmYjczMC1lY2FhLTExZTYtOGY4OC0zNDM2M2JjN2M0YzAiOnsiY3JlYXRlIjozMDAwMDAwMDAwMDB9fQ=="
        }
      ]
    },
    {
      "module": "module.google_kubernetes_cluster",
      "mode": "managed",
      "type": "google_container_cluster",
      "name": "app_cluster",
      "provider": "provider[\"registry.terraform.io/hashicorp/google\"]",
      "instances": [
        {
          "schema_version": 1,
          "attributes": {
            "addons_config": [
              {
                "cloudrun_config": [],
                "horizontal_pod_autoscaling": [],
                "http_load_balancing": [],
                "network_policy_config": [
                  {
                    "disabled": false
                  }
                ]
              }
            ],
            "authenticator_groups_config": [],
            "cluster_autoscaling": [
              {
                "auto_provisioning_defaults": [],
                "enabled": false,
                "resource_limits": []
              }
            ],
            "cluster_ipv4_cidr": "10.101.0.0/16",
            "database_encryption": [
              {
                "key_name": "",
                "state": "DECRYPTED"
              }
            ],
            "default_max_pods_per_node": 110,
            "description": "",
            "enable_binary_authorization": false,
            "enable_intranode_visibility": null,
            "enable_kubernetes_alpha": false,
            "enable_legacy_abac": false,
            "enable_shielded_nodes": false,
            "enable_tpu": null,
            "endpoint": "34.76.225.89",
            "id": "projects/bailleul-charles/locations/europe-west1/clusters/app-cluster",
            "initial_node_count": 3,
            "instance_group_urls": [],
            "ip_allocation_policy": [
              {
                "cluster_ipv4_cidr_block": "10.101.0.0/16",
                "cluster_secondary_range_name": "gke-app-cluster-pods-55f4f1aa",
                "services_ipv4_cidr_block": "10.102.0.0/16",
                "services_secondary_range_name": "gke-app-cluster-services-55f4f1aa"
              }
            ],
            "label_fingerprint": "a9dc16a7",
            "location": "europe-west1",
            "logging_service": "logging.googleapis.com/kubernetes",
            "maintenance_policy": [
              {
                "daily_maintenance_window": [
                  {
                    "duration": "PT4H0M0S",
                    "start_time": "02:00"
                  }
                ],
                "maintenance_exclusion": [],
                "recurring_window": []
              }
            ],
            "master_auth": [
              {
                "client_certificate": "",
                "client_certificate_config": [
                  {
                    "issue_client_certificate": false
                  }
                ],
                "client_key": "",
                "cluster_ca_certificate": "LS0tLS1CRUdJTiBDRVJUSUZJQ0FURS0tLS0tCk1JSUVMRENDQXBTZ0F3SUJBZ0lRS201eWZway9HRHIvSms2NFg2RWxEREFOQmdrcWhraUc5dzBCQVFzRkFEQXYKTVMwd0t3WURWUVFERXlRMk1tTmtNRGN5WVMxaU5EQTRMVFF6T1dJdFlqZzNOQzB6WXpGbE1HUTBOalk0WlRrdwpJQmNOTWpNd056RXhNRGd3TmpFMVdoZ1BNakExTXpBM01ETXdPVEEyTVRWYU1DOHhMVEFyQmdOVkJBTVRKRFl5ClkyUXdOekpoTFdJME1EZ3RORE01WWkxaU9EYzBMVE5qTVdVd1pEUTJOamhsT1RDQ0FhSXdEUVlKS29aSWh2Y04KQVFFQkJRQURnZ0dQQURDQ0FZb0NnZ0dCQUliaXlTOFBadzEyb3h1ZmxXL1g5NXJIaGtxVmQ5WU96SXNZdzNzOQpQSUZRa3VGRHp3UGYwUjkwMzlHb3RaWlZpTG5uVDR4VW81eFFUbmM1OCtZcVd4VHlhdWFuUVpLRlMzcGdYYTZiCnNTR1lzc240UU00Rlc3RzhlbkdJc0FLWTVWenBRamFQTmNVUFMwV3hZRGQrRHRpSUw2SkRBS1VLNHB0L0NQRVoKQ1p1QzdKWDV6SHFVUEVIODJkYmJQSVFPRjg0aTdjNG05ZVRTb29XTnI2bW0yUVhURDVyRVIxeVM3alE2SGlYbAo3a2ZMeTk5NHN0Q1BxRWZ1MGxFSGxWeUt1VWQrMFBpTGtab0pUQzg5Tmp2WDlzOVN4YzJzeXFPK2k3dVBWSWtlCjJZa1BvN1dHZFBZSjBPNlI4YjZjZmdPS0RqaDVOdHFoTWl2RTQwcHEvZXdGRUVHdU53UXE1dzZoMzFpbXBva0oKS0s4ZHJzVjJUS0NQM3RLanAvYVhBdTN3cmkvOEpYbjZ6cTg3UW1KYk94TmVMeHUrRUYxUURqMjJhaWpZYjMvRQpXbjJnclcxU3JpcElTeUM3dlRVOGpWeXg3SG9KSXE3dmdVdWRncGNXYVVqcWhobFVtV01Eckd0Vk96aFZTMk4rCjRSQ2hmZ0cxN3BybUhNMkwwQW91c3pkc0Z3SURBUUFCbzBJd1FEQU9CZ05WSFE4QkFmOEVCQU1DQWdRd0R3WUQKVlIwVEFRSC9CQVV3QXdFQi96QWRCZ05WSFE0RUZnUVU1VCtMRWdHUUozK3hNVlR5c3NacElpY2NHVnN3RFFZSgpLb1pJaHZjTkFRRUxCUUFEZ2dHQkFDaU54M2x3bDZha0ZoTG5BcUdITWdWc3RXRFZnMG5udDdxZ3ZldHV0TEZmCndiZVBlQ1IvYWhSU2J5V01QVG5SUU04MGNWZlJYVXJyQUJnenQ4NEU3ak0xRjNTTDdiNVlHQk5jZzhzRTZLYTEKTkRaQmhEZitDUVVXN0pxenBNS3VFRTlRMWxNb2NRYTBKbGR3bnJwVmNaVDhvM0czRnRYTFlnUGhKRjAzQkZLYwpNTVZFbGVOZVFMK3VMV1FaNmE5RjNIQnlIOTRtMGd3Wk5RNG1tNnZiR3dDcFNUTzkwS2duYzlMbTk3cDNxaDIrCmZVb2RHZGtUc2NQbW0wdCtkSUdUQW5NL05pbGhwb0ZPU2JMSEZkYm85U0RCRzZXZVFKVnNuWUxuTmhpMW4zM2UKMzhheHBTKzlEbnlhSVYwekJxWmpRK2lxTldOOHhQNUtXaHI4NmVTSm5ZS1pFejNReEtBV1RMRC8zOUlEaTluZgo0dHJoRW80QzZYZ0JkTVNHMDRXV21DVG1ET2ZNMi83VnI0K3FJVGd5M0pFdElHWC9xUjE5Sy9kQWdJVFFvdTRlCndTT3R4clhVY29nUkRRYmVTU0VOYUQyR0NlVjc5MzJrR3pXa0dENm1yL1A1ZUNWY3hoOG42NDdRVFRxOWpuM2oKb1FuSzc1cDJPUTg3Wmprc25tWURMdz09Ci0tLS0tRU5EIENFUlRJRklDQVRFLS0tLS0K",
                "password": "",
                "username": ""
              }
            ],
            "master_authorized_networks_config": [],
            "master_version": "1.25.8-gke.1000",
            "min_master_version": null,
            "monitoring_service": "monitoring.googleapis.com/kubernetes",
            "name": "app-cluster",
            "network": "projects/bailleul-charles/global/networks/kubernetes-cluster",
            "network_policy": [
              {
                "enabled": true,
                "provider": ""
              }
            ],
            "node_config": [],
            "node_locations": [
              "europe-west1-b",
              "europe-west1-c",
              "europe-west1-d"
            ],
            "node_pool": [],
            "node_version": "1.25.8-gke.1000",
            "operation": null,
            "pod_security_policy_config": [],
            "private_cluster_config": [
              {
                "enable_private_endpoint": false,
                "enable_private_nodes": false,
                "master_ipv4_cidr_block": "",
                "peering_name": "",
                "private_endpoint": "10.10.0.3",
                "public_endpoint": "34.76.225.89"
              }
            ],
            "project": "bailleul-charles",
            "release_channel": [
              {
                "channel": "STABLE"
              }
            ],
            "remove_default_node_pool": true,
            "resource_labels": null,
            "resource_usage_export_config": [],
            "self_link": "https://container.googleapis.com/v1beta1/projects/bailleul-charles/locations/europe-west1/clusters/app-cluster",
            "services_ipv4_cidr": "10.102.0.0/16",
            "subnetwork": "projects/bailleul-charles/regions/europe-west1/subnetworks/kubernetes-cluster--subnet",
            "timeouts": null,
            "vertical_pod_autoscaling": [],
            "workload_identity_config": [
              {
                "identity_namespace": "bailleul-charles.svc.id.goog"
              }
            ]
          },
          "sensitive_attributes": [],
          "private": "eyJlMmJmYjczMC1lY2FhLTExZTYtOGY4OC0zNDM2M2JjN2M0YzAiOnsiY3JlYXRlIjoyNDAwMDAwMDAwMDAwLCJkZWxldGUiOjI0MDAwMDAwMDAwMDAsInJlYWQiOjI0MDAwMDAwMDAwMDAsInVwZGF0ZSI6MzYwMDAwMDAwMDAwMH0sInNjaGVtYV92ZXJzaW9uIjoiMSJ9",
          "dependencies": [
            "module.google_networks.google_compute_network.vpc",
            "module.google_networks.google_compute_subnetwork.subnet"
          ]
        }
      ]
    },
    {
      "module": "module.google_kubernetes_cluster",
      "mode": "managed",
      "type": "google_container_node_pool",
      "name": "app_cluster_linux_node_pool",
      "provider": "provider[\"registry.terraform.io/hashicorp/google\"]",
      "instances": [
        {
          "schema_version": 1,
          "attributes": {
            "autoscaling": [
              {
                "max_node_count": 3,
                "min_node_count": 3
              }
            ],
            "cluster": "app-cluster",
            "id": "projects/bailleul-charles/locations/europe-west1/clusters/app-cluster/nodePools/app-cluster--linux-node-pool",
            "initial_node_count": 3,
            "instance_group_urls": [
              "https://www.googleapis.com/compute/v1/projects/bailleul-charles/zones/europe-west1-b/instanceGroupManagers/gke-app-cluster-app-cluster--linux-no-8d7d5aa4-grp"
            ],
            "location": "europe-west1",
            "management": [
              {
                "auto_repair": true,
                "auto_upgrade": true
              }
            ],
            "max_pods_per_node": 100,
            "name": "app-cluster--linux-node-pool",
            "name_prefix": "",
            "node_config": [
              {
                "disk_size_gb": 10,
                "disk_type": "pd-balanced",
                "guest_accelerator": [],
                "image_type": "COS_CONTAINERD",
                "labels": {
                  "cluster": "app-cluster"
                },
                "local_ssd_count": 0,
                "machine_type": "e2-medium",
                "metadata": {
                  "disable-legacy-endpoints": "true",
                  "google-compute-enable-virtio-rng": "true"
                },
                "min_cpu_platform": "",
                "oauth_scopes": [
                  "https://www.googleapis.com/auth/devstorage.read_only",
                  "https://www.googleapis.com/auth/logging.write",
                  "https://www.googleapis.com/auth/monitoring",
                  "https://www.googleapis.com/auth/service.management.readonly",
                  "https://www.googleapis.com/auth/servicecontrol",
                  "https://www.googleapis.com/auth/trace.append"
                ],
                "preemptible": true,
                "service_account": "962265645512-compute@developer.gserviceaccount.com",
                "shielded_instance_config": [
                  {
                    "enable_integrity_monitoring": true,
                    "enable_secure_boot": true
                  }
                ],
                "tags": null,
                "taint": [],
                "workload_metadata_config": [
                  {
                    "node_metadata": "GKE_METADATA_SERVER"
                  }
                ]
              }
            ],
            "node_count": 3,
            "node_locations": [
              "europe-west1-b"
            ],
            "project": "bailleul-charles",
            "timeouts": null,
            "upgrade_settings": [
              {
                "max_surge": 1,
                "max_unavailable": 1
              }
            ],
            "version": "1.25.8-gke.1000"
          },
          "sensitive_attributes": [],
          "private": "eyJlMmJmYjczMC1lY2FhLTExZTYtOGY4OC0zNDM2M2JjN2M0YzAiOnsiY3JlYXRlIjoxODAwMDAwMDAwMDAwLCJkZWxldGUiOjE4MDAwMDAwMDAwMDAsInVwZGF0ZSI6MTgwMDAwMDAwMDAwMH0sInNjaGVtYV92ZXJzaW9uIjoiMSJ9",
          "dependencies": [
            "module.google_kubernetes_cluster.google_container_cluster.app_cluster",
            "module.google_networks.google_compute_network.vpc",
            "module.google_networks.google_compute_subnetwork.subnet"
          ]
        }
      ]
    },
    {
      "module": "module.google_networks",
      "mode": "managed",
      "type": "google_compute_network",
      "name": "vpc",
      "provider": "provider[\"registry.terraform.io/hashicorp/google\"]",
      "instances": [
        {
          "schema_version": 0,
          "attributes": {
            "auto_create_subnetworks": false,
            "delete_default_routes_on_create": true,
            "description": "",
            "gateway_ipv4": "",
            "id": "projects/bailleul-charles/global/networks/kubernetes-cluster",
            "mtu": 0,
            "name": "kubernetes-cluster",
            "project": "bailleul-charles",
            "routing_mode": "GLOBAL",
            "self_link": "https://www.googleapis.com/compute/v1/projects/bailleul-charles/global/networks/kubernetes-cluster",
            "timeouts": null
          },
          "sensitive_attributes": [],
          "private": "eyJlMmJmYjczMC1lY2FhLTExZTYtOGY4OC0zNDM2M2JjN2M0YzAiOnsiY3JlYXRlIjoyNDAwMDAwMDAwMDAsImRlbGV0ZSI6MjQwMDAwMDAwMDAwLCJ1cGRhdGUiOjI0MDAwMDAwMDAwMH19"
        }
      ]
    },
    {
      "module": "module.google_networks",
      "mode": "managed",
      "type": "google_compute_route",
      "name": "egress_internet",
      "provider": "provider[\"registry.terraform.io/hashicorp/google\"]",
      "instances": [
        {
          "schema_version": 0,
          "attributes": {
            "description": "",
            "dest_range": "0.0.0.0/0",
            "id": "projects/bailleul-charles/global/routes/egress-internet",
            "name": "egress-internet",
            "network": "https://www.googleapis.com/compute/v1/projects/bailleul-charles/global/networks/kubernetes-cluster",
            "next_hop_gateway": "https://www.googleapis.com/compute/v1/projects/bailleul-charles/global/gateways/default-internet-gateway",
            "next_hop_ilb": "",
            "next_hop_instance": "",
            "next_hop_instance_zone": null,
            "next_hop_ip": "",
            "next_hop_network": "",
            "next_hop_vpn_tunnel": "",
            "priority": 1000,
            "project": "bailleul-charles",
            "self_link": "https://www.googleapis.com/compute/v1/projects/bailleul-charles/global/routes/egress-internet",
            "tags": null,
            "timeouts": null
          },
          "sensitive_attributes": [],
          "private": "eyJlMmJmYjczMC1lY2FhLTExZTYtOGY4OC0zNDM2M2JjN2M0YzAiOnsiY3JlYXRlIjoyNDAwMDAwMDAwMDAsImRlbGV0ZSI6MjQwMDAwMDAwMDAwfX0=",
          "dependencies": [
            "module.google_networks.google_compute_network.vpc"
          ]
        }
      ]
    },
    {
      "module": "module.google_networks",
      "mode": "managed",
      "type": "google_compute_router",
      "name": "router",
      "provider": "provider[\"registry.terraform.io/hashicorp/google\"]",
      "instances": [
        {
          "schema_version": 0,
          "attributes": {
            "bgp": [],
            "creation_timestamp": "2023-07-11T02:06:14.460-07:00",
            "description": "",
            "id": "projects/bailleul-charles/regions/europe-west1/routers/kubernetes-cluster-router",
            "name": "kubernetes-cluster-router",
            "network": "https://www.googleapis.com/compute/v1/projects/bailleul-charles/global/networks/kubernetes-cluster",
            "project": "bailleul-charles",
            "region": "europe-west1",
            "self_link": "https://www.googleapis.com/compute/v1/projects/bailleul-charles/regions/europe-west1/routers/kubernetes-cluster-router",
            "timeouts": null
          },
          "sensitive_attributes": [],
          "private": "eyJlMmJmYjczMC1lY2FhLTExZTYtOGY4OC0zNDM2M2JjN2M0YzAiOnsiY3JlYXRlIjoyNDAwMDAwMDAwMDAsImRlbGV0ZSI6MjQwMDAwMDAwMDAwLCJ1cGRhdGUiOjI0MDAwMDAwMDAwMH19",
          "dependencies": [
            "module.google_networks.google_compute_network.vpc",
            "module.google_networks.google_compute_subnetwork.subnet"
          ]
        }
      ]
    },
    {
      "module": "module.google_networks",
      "mode": "managed",
      "type": "google_compute_router_nat",
      "name": "nat_router",
      "provider": "provider[\"registry.terraform.io/hashicorp/google\"]",
      "instances": [
        {
          "schema_version": 0,
          "attributes": {
            "drain_nat_ips": null,
            "icmp_idle_timeout_sec": 30,
            "id": "bailleul-charles/europe-west1/kubernetes-cluster-router/kubernetes-cluster--subnet-nat-router",
            "log_config": [
              {
                "enable": true,
                "filter": "ERRORS_ONLY"
              }
            ],
            "min_ports_per_vm": 0,
            "name": "kubernetes-cluster--subnet-nat-router",
            "nat_ip_allocate_option": "AUTO_ONLY",
            "nat_ips": null,
            "project": "bailleul-charles",
            "region": "europe-west1",
            "router": "kubernetes-cluster-router",
            "source_subnetwork_ip_ranges_to_nat": "LIST_OF_SUBNETWORKS",
            "subnetwork": [
              {
                "name": "kubernetes-cluster--subnet",
                "secondary_ip_range_names": [],
                "source_ip_ranges_to_nat": [
                  "ALL_IP_RANGES"
                ]
              }
            ],
            "tcp_established_idle_timeout_sec": 1200,
            "tcp_transitory_idle_timeout_sec": 30,
            "timeouts": null,
            "udp_idle_timeout_sec": 30
          },
          "sensitive_attributes": [],
          "private": "eyJlMmJmYjczMC1lY2FhLTExZTYtOGY4OC0zNDM2M2JjN2M0YzAiOnsiY3JlYXRlIjo2MDAwMDAwMDAwMDAsImRlbGV0ZSI6NjAwMDAwMDAwMDAwLCJ1cGRhdGUiOjYwMDAwMDAwMDAwMH19",
          "dependencies": [
            "module.google_networks.google_compute_network.vpc",
            "module.google_networks.google_compute_router.router",
            "module.google_networks.google_compute_subnetwork.subnet"
          ]
        }
      ]
    },
    {
      "module": "module.google_networks",
      "mode": "managed",
      "type": "google_compute_subnetwork",
      "name": "subnet",
      "provider": "provider[\"registry.terraform.io/hashicorp/google\"]",
      "instances": [
        {
          "schema_version": 0,
          "attributes": {
            "creation_timestamp": "2023-07-11T02:05:53.076-07:00",
            "description": "",
            "fingerprint": null,
            "gateway_address": "10.10.0.1",
            "id": "projects/bailleul-charles/regions/europe-west1/subnetworks/kubernetes-cluster--subnet",
            "ip_cidr_range": "10.10.0.0/16",
            "log_config": [],
            "name": "kubernetes-cluster--subnet",
            "network": "https://www.googleapis.com/compute/v1/projects/bailleul-charles/global/networks/kubernetes-cluster",
            "private_ip_google_access": true,
            "private_ipv6_google_access": "DISABLE_GOOGLE_ACCESS",
            "project": "bailleul-charles",
            "region": "europe-west1",
            "secondary_ip_range": [],
            "self_link": "https://www.googleapis.com/compute/v1/projects/bailleul-charles/regions/europe-west1/subnetworks/kubernetes-cluster--subnet",
            "timeouts": null
          },
          "sensitive_attributes": [],
          "private": "eyJlMmJmYjczMC1lY2FhLTExZTYtOGY4OC0zNDM2M2JjN2M0YzAiOnsiY3JlYXRlIjozNjAwMDAwMDAwMDAsImRlbGV0ZSI6MzYwMDAwMDAwMDAwLCJ1cGRhdGUiOjM2MDAwMDAwMDAwMH19",
          "dependencies": [
            "module.google_networks.google_compute_network.vpc"
          ]
        }
      ]
    }
  ],
  "check_results": null
}
